
Microsoft Visual Studio Solution File, Format Version 12.00
# Visual Studio Version 17
VisualStudioVersion = 17.14.36414.22 d17.14
MinimumVisualStudioVersion = 10.0.40219.1
Project("{FAE04EC0-301F-11D3-BF4B-00C04F79EFBC}") = "CP7", "CP7\CP7.csproj", "{99A3829F-CD0D-444C-8054-6DF3C470C322}"
EndProject
Global
	GlobalSection(SolutionConfigurationPlatforms) = preSolution
		Debug|Any CPU = Debug|Any CPU
		Release|Any CPU = Release|Any CPU
	EndGlobalSection
	GlobalSection(ProjectConfigurationPlatforms) = postSolution
		{99A3829F-CD0D-444C-8054-6DF3C470C322}.Debug|Any CPU.ActiveCfg = Debug|Any CPU
		{99A3829F-CD0D-444C-8054-6DF3C470C322}.Debug|Any CPU.Build.0 = Debug|Any CPU
		{99A3829F-CD0D-444C-8054-6DF3C470C322}.Release|Any CPU.ActiveCfg = Release|Any CPU
		{99A3829F-CD0D-444C-8054-6DF3C470C322}.Release|Any CPU.Build.0 = Release|Any CPU
	EndGlobalSection
	GlobalSection(SolutionProperties) = preSolution
		HideSolutionNode = FALSE
	EndGlobalSection
	GlobalSection(ExtensibilityGlobals) = postSolution
		SolutionGuid = {22E4D409-5D65-48F7-8051-0A0CC4EFD46F}
	EndGlobalSection
EndGlobal
