
Microsoft Visual Studio Solution File, Format Version 12.00
# Visual Studio Version 17
VisualStudioVersion = 17.14.36202.13 d17.14
MinimumVisualStudioVersion = 10.0.40219.1
Project("{FAE04EC0-301F-11D3-BF4B-00C04F79EFBC}") = "WinFormsApp2", "WinFormsApp2\WinFormsApp2.csproj", "{DAA4743F-E2D7-430A-99BD-0796FDB32838}"
EndProject
Global
	GlobalSection(SolutionConfigurationPlatforms) = preSolution
		Debug|Any CPU = Debug|Any CPU
		Release|Any CPU = Release|Any CPU
	EndGlobalSection
	GlobalSection(ProjectConfigurationPlatforms) = postSolution
		{DAA4743F-E2D7-430A-99BD-0796FDB32838}.Debug|Any CPU.ActiveCfg = Debug|Any CPU
		{DAA4743F-E2D7-430A-99BD-0796FDB32838}.Debug|Any CPU.Build.0 = Debug|Any CPU
		{DAA4743F-E2D7-430A-99BD-0796FDB32838}.Release|Any CPU.ActiveCfg = Release|Any CPU
		{DAA4743F-E2D7-430A-99BD-0796FDB32838}.Release|Any CPU.Build.0 = Release|Any CPU
	EndGlobalSection
	GlobalSection(SolutionProperties) = preSolution
		HideSolutionNode = FALSE
	EndGlobalSection
	GlobalSection(ExtensibilityGlobals) = postSolution
		SolutionGuid = {7F192824-C8E7-4E95-B848-9E5CAD9961DC}
	EndGlobalSection
EndGlobal
